{
  "originHash" : "04f67ec69b4b761a97b97ec87b024731c49bec3d14e24ad37daabf07efd64fa9",
  "pins" : [
    {
      "identity" : "ellekit",
      "kind" : "remoteSourceControl",
      "location" : "https://github.com/pookjw/ellekit",
      "state" : {
        "branch" : "main",
        "revision" : "9bf21c6dd6eadc2ef34fe64377a9628344ef8a06"
      }
    }
  ],
  "version" : 3
}
